
Microsoft Visual Studio Solution File, Format Version 12.00
# Visual Studio Version 16
VisualStudioVersion = 16.0.29519.87
MinimumVisualStudioVersion = 10.0.40219.1
Project("{FAE04EC0-301F-11D3-BF4B-00C04F79EFBC}") = "WebApp-WebAppMitNg", "WebApp-WebAppMitNg.csproj", "{A69ADD00-6436-4DD7-8CB5-0826EF29CA79}"
EndProject
Global
	GlobalSection(SolutionConfigurationPlatforms) = preSolution
		Debug|Any CPU = Debug|Any CPU
		Release|Any CPU = Release|Any CPU
	EndGlobalSection
	GlobalSection(ProjectConfigurationPlatforms) = postSolution
		{A69ADD00-6436-4DD7-8CB5-0826EF29CA79}.Debug|Any CPU.ActiveCfg = Debug|Any CPU
		{A69ADD00-6436-4DD7-8CB5-0826EF29CA79}.Debug|Any CPU.Build.0 = Debug|Any CPU
		{A69ADD00-6436-4DD7-8CB5-0826EF29CA79}.Release|Any CPU.ActiveCfg = Release|Any CPU
		{A69ADD00-6436-4DD7-8CB5-0826EF29CA79}.Release|Any CPU.Build.0 = Release|Any CPU
	EndGlobalSection
	GlobalSection(SolutionProperties) = preSolution
		HideSolutionNode = FALSE
	EndGlobalSection
	GlobalSection(ExtensibilityGlobals) = postSolution
		SolutionGuid = {80AA5DA3-31C2-48C5-8762-D7390241DBDE}
	EndGlobalSection
EndGlobal
